// !$*UTF8*$!
{
	archiveVersion = 1;
	classes = {
	};
	objectVersion = 55;
	objects = {

/* Begin PBXBuildFile section */
		42542A4DC6780B6830A97A63 /* Pods_Advisor_V2.framework in Frameworks */ = {isa = PBXBuildFile; fileRef = ABD47C2DEB218C86B27D78B2 /* Pods_Advisor_V2.framework */; };
		BB130D83281ACE2C001E7679 /* CategoryCell.swift in Sources */ = {isa = PBXBuildFile; fileRef = BB130D81281ACE2C001E7679 /* CategoryCell.swift */; };
		BB130D84281ACE2C001E7679 /* CategoryCell.xib in Resources */ = {isa = PBXBuildFile; fileRef = BB130D82281ACE2C001E7679 /* CategoryCell.xib */; };
		BB130D86281AD15E001E7679 /* ViewExtensions.swift in Sources */ = {isa = PBXBuildFile; fileRef = BB130D85281AD15E001E7679 /* ViewExtensions.swift */; };
		BB130D89281AEC78001E7679 /* FeedView.swift in Sources */ = {isa = PBXBuildFile; fileRef = BB130D87281AEC78001E7679 /* FeedView.swift */; };
		BB130D8A281AEC78001E7679 /* FeedView.xib in Resources */ = {isa = PBXBuildFile; fileRef = BB130D88281AEC78001E7679 /* FeedView.xib */; };
		BB617FDC281AF1D7000320BF /* FeedPresenter.swift in Sources */ = {isa = PBXBuildFile; fileRef = BB617FDB281AF1D7000320BF /* FeedPresenter.swift */; };
		BB617FDE281AF1DD000320BF /* FeedRouter.swift in Sources */ = {isa = PBXBuildFile; fileRef = BB617FDD281AF1DD000320BF /* FeedRouter.swift */; };
		BB617FE0281AF1EA000320BF /* FeedInteractor.swift in Sources */ = {isa = PBXBuildFile; fileRef = BB617FDF281AF1EA000320BF /* FeedInteractor.swift */; };
		BB617FE2281AF1F6000320BF /* FeedEntity.swift in Sources */ = {isa = PBXBuildFile; fileRef = BB617FE1281AF1F6000320BF /* FeedEntity.swift */; };
		BB617FE4281AF204000320BF /* FeedConfigurator.swift in Sources */ = {isa = PBXBuildFile; fileRef = BB617FE3281AF204000320BF /* FeedConfigurator.swift */; };
		BB617FE8281AFEB1000320BF /* TableCell.swift in Sources */ = {isa = PBXBuildFile; fileRef = BB617FE6281AFEB1000320BF /* TableCell.swift */; };
		BB617FE9281AFEB1000320BF /* TableCell.xib in Resources */ = {isa = PBXBuildFile; fileRef = BB617FE7281AFEB1000320BF /* TableCell.xib */; };
		BB78C38828195C82009D868B /* AppDelegate.swift in Sources */ = {isa = PBXBuildFile; fileRef = BB78C38728195C82009D868B /* AppDelegate.swift */; };
		BB78C38A28195C82009D868B /* SceneDelegate.swift in Sources */ = {isa = PBXBuildFile; fileRef = BB78C38928195C82009D868B /* SceneDelegate.swift */; };
		BB78C38C28195C82009D868B /* ViewController.swift in Sources */ = {isa = PBXBuildFile; fileRef = BB78C38B28195C82009D868B /* ViewController.swift */; };
		BB78C38F28195C82009D868B /* Main.storyboard in Resources */ = {isa = PBXBuildFile; fileRef = BB78C38D28195C82009D868B /* Main.storyboard */; };
		BB78C39228195C82009D868B /* Advisor.xcdatamodeld in Sources */ = {isa = PBXBuildFile; fileRef = BB78C39028195C82009D868B /* Advisor.xcdatamodeld */; };
		BB78C39428195C84009D868B /* Assets.xcassets in Resources */ = {isa = PBXBuildFile; fileRef = BB78C39328195C84009D868B /* Assets.xcassets */; };
		BB78C39728195C84009D868B /* LaunchScreen.storyboard in Resources */ = {isa = PBXBuildFile; fileRef = BB78C39528195C84009D868B /* LaunchScreen.storyboard */; };
		BB78C3A22819635B009D868B /* TabBarView.swift in Sources */ = {isa = PBXBuildFile; fileRef = BB78C3A02819635B009D868B /* TabBarView.swift */; };
		BB78C3A32819635B009D868B /* TabBarView.xib in Resources */ = {isa = PBXBuildFile; fileRef = BB78C3A12819635B009D868B /* TabBarView.xib */; };
		BB78C3A6281963AB009D868B /* NavigationConstants.swift in Sources */ = {isa = PBXBuildFile; fileRef = BB78C3A5281963AB009D868B /* NavigationConstants.swift */; };
		BB78C3AD28199972009D868B /* HomeView.swift in Sources */ = {isa = PBXBuildFile; fileRef = BB78C3AB28199972009D868B /* HomeView.swift */; };
		BB78C3AE28199972009D868B /* HomeView.xib in Resources */ = {isa = PBXBuildFile; fileRef = BB78C3AC28199972009D868B /* HomeView.xib */; };
		BB78C3B12819999B009D868B /* MapView.swift in Sources */ = {isa = PBXBuildFile; fileRef = BB78C3AF2819999B009D868B /* MapView.swift */; };
		BB78C3B22819999B009D868B /* MapView.xib in Resources */ = {isa = PBXBuildFile; fileRef = BB78C3B02819999B009D868B /* MapView.xib */; };
		BB78C3B528199A87009D868B /* FavouritesView.swift in Sources */ = {isa = PBXBuildFile; fileRef = BB78C3B328199A87009D868B /* FavouritesView.swift */; };
		BB78C3B628199A87009D868B /* FavouritesView.xib in Resources */ = {isa = PBXBuildFile; fileRef = BB78C3B428199A87009D868B /* FavouritesView.xib */; };
		BB78C3B92819A287009D868B /* HomeInteractor.swift in Sources */ = {isa = PBXBuildFile; fileRef = BB78C3B82819A287009D868B /* HomeInteractor.swift */; };
		BB78C3BB2819A296009D868B /* HomePresenter.swift in Sources */ = {isa = PBXBuildFile; fileRef = BB78C3BA2819A296009D868B /* HomePresenter.swift */; };
		BB78C3BD2819A2A5009D868B /* HomeRouter.swift in Sources */ = {isa = PBXBuildFile; fileRef = BB78C3BC2819A2A5009D868B /* HomeRouter.swift */; };
		BB78C3BF2819A2B2009D868B /* HomeEntity.swift in Sources */ = {isa = PBXBuildFile; fileRef = BB78C3BE2819A2B2009D868B /* HomeEntity.swift */; };
		BB78C3C12819A2CA009D868B /* HomeConfigurator.swift in Sources */ = {isa = PBXBuildFile; fileRef = BB78C3C02819A2CA009D868B /* HomeConfigurator.swift */; };
		BB78C3C32819A2F4009D868B /* BaseConfigurator.swift in Sources */ = {isa = PBXBuildFile; fileRef = BB78C3C22819A2F4009D868B /* BaseConfigurator.swift */; };
		BB78C3C52819A30D009D868B /* BaseInteractor.swift in Sources */ = {isa = PBXBuildFile; fileRef = BB78C3C42819A30D009D868B /* BaseInteractor.swift */; };
		BB78C3C72819A316009D868B /* BasePresenter.swift in Sources */ = {isa = PBXBuildFile; fileRef = BB78C3C62819A316009D868B /* BasePresenter.swift */; };
		BB78C3C92819A31F009D868B /* BaseRouter.swift in Sources */ = {isa = PBXBuildFile; fileRef = BB78C3C82819A31F009D868B /* BaseRouter.swift */; };
		BB78C3CB2819A33F009D868B /* BaseView.swift in Sources */ = {isa = PBXBuildFile; fileRef = BB78C3CA2819A33F009D868B /* BaseView.swift */; };
		BB78C3D22819B7DF009D868B /* MapInteractor.swift in Sources */ = {isa = PBXBuildFile; fileRef = BB78C3D02819B7DF009D868B /* MapInteractor.swift */; };
		BB78C3D52819B7F8009D868B /* MapPresenter.swift in Sources */ = {isa = PBXBuildFile; fileRef = BB78C3D42819B7F8009D868B /* MapPresenter.swift */; };
		BB78C3D72819B7FE009D868B /* MapRouter.swift in Sources */ = {isa = PBXBuildFile; fileRef = BB78C3D62819B7FE009D868B /* MapRouter.swift */; };
		BB78C3D92819B809009D868B /* MapEntity.swift in Sources */ = {isa = PBXBuildFile; fileRef = BB78C3D82819B809009D868B /* MapEntity.swift */; };
		BB78C3DB2819B81E009D868B /* MapConfigurator.swift in Sources */ = {isa = PBXBuildFile; fileRef = BB78C3DA2819B81E009D868B /* MapConfigurator.swift */; };
		BB78C3DD2819C6AA009D868B /* FavouritesInteractor.swift in Sources */ = {isa = PBXBuildFile; fileRef = BB78C3DC2819C6AA009D868B /* FavouritesInteractor.swift */; };
		BB78C3DF2819C6B6009D868B /* FavouritesPresenter.swift in Sources */ = {isa = PBXBuildFile; fileRef = BB78C3DE2819C6B6009D868B /* FavouritesPresenter.swift */; };
		BB78C3E12819C6C8009D868B /* FavouritesEntity.swift in Sources */ = {isa = PBXBuildFile; fileRef = BB78C3E02819C6C8009D868B /* FavouritesEntity.swift */; };
		BB78C3E32819C6D0009D868B /* FavouritesRouter.swift in Sources */ = {isa = PBXBuildFile; fileRef = BB78C3E22819C6D0009D868B /* FavouritesRouter.swift */; };
		BB78C3E52819C6DA009D868B /* FavouritesConfigurator.swift in Sources */ = {isa = PBXBuildFile; fileRef = BB78C3E42819C6DA009D868B /* FavouritesConfigurator.swift */; };
		BBC6B9CB282037C100AC0B3C /* DetailView.swift in Sources */ = {isa = PBXBuildFile; fileRef = BBC6B9C9282037C100AC0B3C /* DetailView.swift */; };
		BBC6B9CC282037C100AC0B3C /* DetailView.xib in Resources */ = {isa = PBXBuildFile; fileRef = BBC6B9CA282037C100AC0B3C /* DetailView.xib */; };
		BBC6B9CE2820472200AC0B3C /* DetailConfigurator.swift in Sources */ = {isa = PBXBuildFile; fileRef = BBC6B9CD2820472200AC0B3C /* DetailConfigurator.swift */; };
		BBC6B9D02820476300AC0B3C /* DetailInteractor.swift in Sources */ = {isa = PBXBuildFile; fileRef = BBC6B9CF2820476300AC0B3C /* DetailInteractor.swift */; };
		BBC6B9D22820479200AC0B3C /* DetailPresenter.swift in Sources */ = {isa = PBXBuildFile; fileRef = BBC6B9D12820479200AC0B3C /* DetailPresenter.swift */; };
		BBC6B9D4282047B100AC0B3C /* DetailRouter.swift in Sources */ = {isa = PBXBuildFile; fileRef = BBC6B9D3282047B100AC0B3C /* DetailRouter.swift */; };
		BBC6B9D628204CB000AC0B3C /* DetailEntity.swift in Sources */ = {isa = PBXBuildFile; fileRef = BBC6B9D528204CB000AC0B3C /* DetailEntity.swift */; };
		BBF5CCD1281E94580010C456 /* TableViewHeader.swift in Sources */ = {isa = PBXBuildFile; fileRef = BBF5CCD0281E94580010C456 /* TableViewHeader.swift */; };
		BBF5CCD5281EA7820010C456 /* CollectionViewHeader.swift in Sources */ = {isa = PBXBuildFile; fileRef = BBF5CCD4281EA7820010C456 /* CollectionViewHeader.swift */; };
		BBF5CCD8281EE5360010C456 /* TripApi.swift in Sources */ = {isa = PBXBuildFile; fileRef = BBF5CCD7281EE5360010C456 /* TripApi.swift */; };
		BBF5CCDC281FDF630010C456 /* TripApiTargetType.swift in Sources */ = {isa = PBXBuildFile; fileRef = BBF5CCDB281FDF630010C456 /* TripApiTargetType.swift */; };
		D6329FDD284BC7DE00B35AC0 /* SettingsView.swift in Sources */ = {isa = PBXBuildFile; fileRef = D6329FDB284BC7DE00B35AC0 /* SettingsView.swift */; };
		D6329FDE284BC7DE00B35AC0 /* SettingsView.xib in Resources */ = {isa = PBXBuildFile; fileRef = D6329FDC284BC7DE00B35AC0 /* SettingsView.xib */; };
		D693E0272848D1FA0083999C /* travelLottie.json in Resources */ = {isa = PBXBuildFile; fileRef = D693E0262848D1FA0083999C /* travelLottie.json */; };
		D693E02A2848E0A80083999C /* LocationService.swift in Sources */ = {isa = PBXBuildFile; fileRef = D693E0292848E0A80083999C /* LocationService.swift */; };
		D693E02C284913460083999C /* Annotation.swift in Sources */ = {isa = PBXBuildFile; fileRef = D693E02B284913460083999C /* Annotation.swift */; };
		D6B656A82858E4CE000D4DF7 /* HeaderView.swift in Sources */ = {isa = PBXBuildFile; fileRef = D6B656A62858E4CE000D4DF7 /* HeaderView.swift */; };
/* End PBXBuildFile section */

/* Begin PBXFileReference section */
		ABD47C2DEB218C86B27D78B2 /* Pods_Advisor_V2.framework */ = {isa = PBXFileReference; explicitFileType = wrapper.framework; includeInIndex = 0; path = Pods_Advisor_V2.framework; sourceTree = BUILT_PRODUCTS_DIR; };
		BB130D81281ACE2C001E7679 /* CategoryCell.swift */ = {isa = PBXFileReference; lastKnownFileType = sourcecode.swift; path = CategoryCell.swift; sourceTree = "<group>"; };
		BB130D82281ACE2C001E7679 /* CategoryCell.xib */ = {isa = PBXFileReference; lastKnownFileType = file.xib; path = CategoryCell.xib; sourceTree = "<group>"; };
		BB130D85281AD15E001E7679 /* ViewExtensions.swift */ = {isa = PBXFileReference; lastKnownFileType = sourcecode.swift; path = ViewExtensions.swift; sourceTree = "<group>"; };
		BB130D87281AEC78001E7679 /* FeedView.swift */ = {isa = PBXFileReference; lastKnownFileType = sourcecode.swift; path = FeedView.swift; sourceTree = "<group>"; };
		BB130D88281AEC78001E7679 /* FeedView.xib */ = {isa = PBXFileReference; lastKnownFileType = file.xib; path = FeedView.xib; sourceTree = "<group>"; };
		BB617FDB281AF1D7000320BF /* FeedPresenter.swift */ = {isa = PBXFileReference; lastKnownFileType = sourcecode.swift; path = FeedPresenter.swift; sourceTree = "<group>"; };
		BB617FDD281AF1DD000320BF /* FeedRouter.swift */ = {isa = PBXFileReference; lastKnownFileType = sourcecode.swift; path = FeedRouter.swift; sourceTree = "<group>"; };
		BB617FDF281AF1EA000320BF /* FeedInteractor.swift */ = {isa = PBXFileReference; lastKnownFileType = sourcecode.swift; path = FeedInteractor.swift; sourceTree = "<group>"; };
		BB617FE1281AF1F6000320BF /* FeedEntity.swift */ = {isa = PBXFileReference; lastKnownFileType = sourcecode.swift; path = FeedEntity.swift; sourceTree = "<group>"; };
		BB617FE3281AF204000320BF /* FeedConfigurator.swift */ = {isa = PBXFileReference; lastKnownFileType = sourcecode.swift; path = FeedConfigurator.swift; sourceTree = "<group>"; };
		BB617FE6281AFEB1000320BF /* TableCell.swift */ = {isa = PBXFileReference; lastKnownFileType = sourcecode.swift; path = TableCell.swift; sourceTree = "<group>"; };
		BB617FE7281AFEB1000320BF /* TableCell.xib */ = {isa = PBXFileReference; lastKnownFileType = file.xib; path = TableCell.xib; sourceTree = "<group>"; };
		BB78C38428195C82009D868B /* Advisor_V2.app */ = {isa = PBXFileReference; explicitFileType = wrapper.application; includeInIndex = 0; path = Advisor_V2.app; sourceTree = BUILT_PRODUCTS_DIR; };
		BB78C38728195C82009D868B /* AppDelegate.swift */ = {isa = PBXFileReference; lastKnownFileType = sourcecode.swift; path = AppDelegate.swift; sourceTree = "<group>"; };
		BB78C38928195C82009D868B /* SceneDelegate.swift */ = {isa = PBXFileReference; lastKnownFileType = sourcecode.swift; path = SceneDelegate.swift; sourceTree = "<group>"; };
		BB78C38B28195C82009D868B /* ViewController.swift */ = {isa = PBXFileReference; lastKnownFileType = sourcecode.swift; path = ViewController.swift; sourceTree = "<group>"; };
		BB78C38E28195C82009D868B /* Base */ = {isa = PBXFileReference; lastKnownFileType = file.storyboard; name = Base; path = Base.lproj/Main.storyboard; sourceTree = "<group>"; };
		BB78C39128195C82009D868B /* Advisor.xcdatamodel */ = {isa = PBXFileReference; lastKnownFileType = wrapper.xcdatamodel; path = Advisor.xcdatamodel; sourceTree = "<group>"; };
		BB78C39328195C84009D868B /* Assets.xcassets */ = {isa = PBXFileReference; lastKnownFileType = folder.assetcatalog; path = Assets.xcassets; sourceTree = "<group>"; };
		BB78C39628195C84009D868B /* Base */ = {isa = PBXFileReference; lastKnownFileType = file.storyboard; name = Base; path = Base.lproj/LaunchScreen.storyboard; sourceTree = "<group>"; };
		BB78C39828195C84009D868B /* Info.plist */ = {isa = PBXFileReference; lastKnownFileType = text.plist.xml; path = Info.plist; sourceTree = "<group>"; };
		BB78C39E28195D76009D868B /* README.md */ = {isa = PBXFileReference; lastKnownFileType = net.daringfireball.markdown; path = README.md; sourceTree = "<group>"; };
		BB78C3A02819635B009D868B /* TabBarView.swift */ = {isa = PBXFileReference; lastKnownFileType = sourcecode.swift; path = TabBarView.swift; sourceTree = "<group>"; };
		BB78C3A12819635B009D868B /* TabBarView.xib */ = {isa = PBXFileReference; lastKnownFileType = file.xib; path = TabBarView.xib; sourceTree = "<group>"; };
		BB78C3A5281963AB009D868B /* NavigationConstants.swift */ = {isa = PBXFileReference; lastKnownFileType = sourcecode.swift; path = NavigationConstants.swift; sourceTree = "<group>"; };
		BB78C3AB28199972009D868B /* HomeView.swift */ = {isa = PBXFileReference; lastKnownFileType = sourcecode.swift; path = HomeView.swift; sourceTree = "<group>"; };
		BB78C3AC28199972009D868B /* HomeView.xib */ = {isa = PBXFileReference; lastKnownFileType = file.xib; path = HomeView.xib; sourceTree = "<group>"; };
		BB78C3AF2819999B009D868B /* MapView.swift */ = {isa = PBXFileReference; lastKnownFileType = sourcecode.swift; path = MapView.swift; sourceTree = "<group>"; };
		BB78C3B02819999B009D868B /* MapView.xib */ = {isa = PBXFileReference; lastKnownFileType = file.xib; path = MapView.xib; sourceTree = "<group>"; };
		BB78C3B328199A87009D868B /* FavouritesView.swift */ = {isa = PBXFileReference; lastKnownFileType = sourcecode.swift; path = FavouritesView.swift; sourceTree = "<group>"; };
		BB78C3B428199A87009D868B /* FavouritesView.xib */ = {isa = PBXFileReference; lastKnownFileType = file.xib; path = FavouritesView.xib; sourceTree = "<group>"; };
		BB78C3B82819A287009D868B /* HomeInteractor.swift */ = {isa = PBXFileReference; lastKnownFileType = sourcecode.swift; path = HomeInteractor.swift; sourceTree = "<group>"; };
		BB78C3BA2819A296009D868B /* HomePresenter.swift */ = {isa = PBXFileReference; lastKnownFileType = sourcecode.swift; path = HomePresenter.swift; sourceTree = "<group>"; };
		BB78C3BC2819A2A5009D868B /* HomeRouter.swift */ = {isa = PBXFileReference; lastKnownFileType = sourcecode.swift; path = HomeRouter.swift; sourceTree = "<group>"; };
		BB78C3BE2819A2B2009D868B /* HomeEntity.swift */ = {isa = PBXFileReference; lastKnownFileType = sourcecode.swift; path = HomeEntity.swift; sourceTree = "<group>"; };
		BB78C3C02819A2CA009D868B /* HomeConfigurator.swift */ = {isa = PBXFileReference; lastKnownFileType = sourcecode.swift; path = HomeConfigurator.swift; sourceTree = "<group>"; };
		BB78C3C22819A2F4009D868B /* BaseConfigurator.swift */ = {isa = PBXFileReference; lastKnownFileType = sourcecode.swift; path = BaseConfigurator.swift; sourceTree = "<group>"; };
		BB78C3C42819A30D009D868B /* BaseInteractor.swift */ = {isa = PBXFileReference; lastKnownFileType = sourcecode.swift; path = BaseInteractor.swift; sourceTree = "<group>"; };
		BB78C3C62819A316009D868B /* BasePresenter.swift */ = {isa = PBXFileReference; lastKnownFileType = sourcecode.swift; path = BasePresenter.swift; sourceTree = "<group>"; };
		BB78C3C82819A31F009D868B /* BaseRouter.swift */ = {isa = PBXFileReference; lastKnownFileType = sourcecode.swift; path = BaseRouter.swift; sourceTree = "<group>"; };
		BB78C3CA2819A33F009D868B /* BaseView.swift */ = {isa = PBXFileReference; lastKnownFileType = sourcecode.swift; path = BaseView.swift; sourceTree = "<group>"; };
		BB78C3D02819B7DF009D868B /* MapInteractor.swift */ = {isa = PBXFileReference; lastKnownFileType = sourcecode.swift; path = MapInteractor.swift; sourceTree = "<group>"; };
		BB78C3D42819B7F8009D868B /* MapPresenter.swift */ = {isa = PBXFileReference; lastKnownFileType = sourcecode.swift; path = MapPresenter.swift; sourceTree = "<group>"; };
		BB78C3D62819B7FE009D868B /* MapRouter.swift */ = {isa = PBXFileReference; lastKnownFileType = sourcecode.swift; path = MapRouter.swift; sourceTree = "<group>"; };
		BB78C3D82819B809009D868B /* MapEntity.swift */ = {isa = PBXFileReference; lastKnownFileType = sourcecode.swift; path = MapEntity.swift; sourceTree = "<group>"; };
		BB78C3DA2819B81E009D868B /* MapConfigurator.swift */ = {isa = PBXFileReference; lastKnownFileType = sourcecode.swift; path = MapConfigurator.swift; sourceTree = "<group>"; };
		BB78C3DC2819C6AA009D868B /* FavouritesInteractor.swift */ = {isa = PBXFileReference; lastKnownFileType = sourcecode.swift; path = FavouritesInteractor.swift; sourceTree = "<group>"; };
		BB78C3DE2819C6B6009D868B /* FavouritesPresenter.swift */ = {isa = PBXFileReference; lastKnownFileType = sourcecode.swift; path = FavouritesPresenter.swift; sourceTree = "<group>"; };
		BB78C3E02819C6C8009D868B /* FavouritesEntity.swift */ = {isa = PBXFileReference; lastKnownFileType = sourcecode.swift; path = FavouritesEntity.swift; sourceTree = "<group>"; };
		BB78C3E22819C6D0009D868B /* FavouritesRouter.swift */ = {isa = PBXFileReference; lastKnownFileType = sourcecode.swift; path = FavouritesRouter.swift; sourceTree = "<group>"; };
		BB78C3E42819C6DA009D868B /* FavouritesConfigurator.swift */ = {isa = PBXFileReference; lastKnownFileType = sourcecode.swift; path = FavouritesConfigurator.swift; sourceTree = "<group>"; };
		BBC6B9C9282037C100AC0B3C /* DetailView.swift */ = {isa = PBXFileReference; lastKnownFileType = sourcecode.swift; path = DetailView.swift; sourceTree = "<group>"; };
		BBC6B9CA282037C100AC0B3C /* DetailView.xib */ = {isa = PBXFileReference; lastKnownFileType = file.xib; path = DetailView.xib; sourceTree = "<group>"; };
		BBC6B9CD2820472200AC0B3C /* DetailConfigurator.swift */ = {isa = PBXFileReference; lastKnownFileType = sourcecode.swift; path = DetailConfigurator.swift; sourceTree = "<group>"; };
		BBC6B9CF2820476300AC0B3C /* DetailInteractor.swift */ = {isa = PBXFileReference; lastKnownFileType = sourcecode.swift; path = DetailInteractor.swift; sourceTree = "<group>"; };
		BBC6B9D12820479200AC0B3C /* DetailPresenter.swift */ = {isa = PBXFileReference; lastKnownFileType = sourcecode.swift; path = DetailPresenter.swift; sourceTree = "<group>"; };
		BBC6B9D3282047B100AC0B3C /* DetailRouter.swift */ = {isa = PBXFileReference; lastKnownFileType = sourcecode.swift; path = DetailRouter.swift; sourceTree = "<group>"; };
		BBC6B9D528204CB000AC0B3C /* DetailEntity.swift */ = {isa = PBXFileReference; lastKnownFileType = sourcecode.swift; path = DetailEntity.swift; sourceTree = "<group>"; };
		BBF5CCD0281E94580010C456 /* TableViewHeader.swift */ = {isa = PBXFileReference; lastKnownFileType = sourcecode.swift; path = TableViewHeader.swift; sourceTree = "<group>"; };
		BBF5CCD4281EA7820010C456 /* CollectionViewHeader.swift */ = {isa = PBXFileReference; lastKnownFileType = sourcecode.swift; path = CollectionViewHeader.swift; sourceTree = "<group>"; };
		BBF5CCD7281EE5360010C456 /* TripApi.swift */ = {isa = PBXFileReference; lastKnownFileType = sourcecode.swift; path = TripApi.swift; sourceTree = "<group>"; };
		BBF5CCDB281FDF630010C456 /* TripApiTargetType.swift */ = {isa = PBXFileReference; lastKnownFileType = sourcecode.swift; path = TripApiTargetType.swift; sourceTree = "<group>"; };
		D6329FDB284BC7DE00B35AC0 /* SettingsView.swift */ = {isa = PBXFileReference; lastKnownFileType = sourcecode.swift; path = SettingsView.swift; sourceTree = "<group>"; };
		D6329FDC284BC7DE00B35AC0 /* SettingsView.xib */ = {isa = PBXFileReference; lastKnownFileType = file.xib; path = SettingsView.xib; sourceTree = "<group>"; };
		D693E0262848D1FA0083999C /* travelLottie.json */ = {isa = PBXFileReference; fileEncoding = 4; lastKnownFileType = text.json; path = travelLottie.json; sourceTree = "<group>"; };
		D693E0292848E0A80083999C /* LocationService.swift */ = {isa = PBXFileReference; lastKnownFileType = sourcecode.swift; path = LocationService.swift; sourceTree = "<group>"; };
		D693E02B284913460083999C /* Annotation.swift */ = {isa = PBXFileReference; lastKnownFileType = sourcecode.swift; path = Annotation.swift; sourceTree = "<group>"; };
		D6B656A62858E4CE000D4DF7 /* HeaderView.swift */ = {isa = PBXFileReference; fileEncoding = 4; lastKnownFileType = sourcecode.swift; path = HeaderView.swift; sourceTree = "<group>"; };
		E0D75B9A3424115F84FD6D33 /* Pods-Advisor_V2.debug.xcconfig */ = {isa = PBXFileReference; includeInIndex = 1; lastKnownFileType = text.xcconfig; name = "Pods-Advisor_V2.debug.xcconfig"; path = "Target Support Files/Pods-Advisor_V2/Pods-Advisor_V2.debug.xcconfig"; sourceTree = "<group>"; };
		FB5F769E7B7435C804D2B68C /* Pods-Advisor_V2.release.xcconfig */ = {isa = PBXFileReference; includeInIndex = 1; lastKnownFileType = text.xcconfig; name = "Pods-Advisor_V2.release.xcconfig"; path = "Target Support Files/Pods-Advisor_V2/Pods-Advisor_V2.release.xcconfig"; sourceTree = "<group>"; };
/* End PBXFileReference section */

/* Begin PBXFrameworksBuildPhase section */
		BB78C38128195C82009D868B /* Frameworks */ = {
			isa = PBXFrameworksBuildPhase;
			buildActionMask = 2147483647;
			files = (
				42542A4DC6780B6830A97A63 /* Pods_Advisor_V2.framework in Frameworks */,
			);
			runOnlyForDeploymentPostprocessing = 0;
		};
/* End PBXFrameworksBuildPhase section */

/* Begin PBXGroup section */
		15B84D64FB97170D6DF3FCFC /* Pods */ = {
			isa = PBXGroup;
			children = (
				E0D75B9A3424115F84FD6D33 /* Pods-Advisor_V2.debug.xcconfig */,
				FB5F769E7B7435C804D2B68C /* Pods-Advisor_V2.release.xcconfig */,
			);
			path = Pods;
			sourceTree = "<group>";
		};
		4BF7F8CFF1B3ECCA3C553D07 /* Frameworks */ = {
			isa = PBXGroup;
			children = (
				ABD47C2DEB218C86B27D78B2 /* Pods_Advisor_V2.framework */,
			);
			name = Frameworks;
			sourceTree = "<group>";
		};
		BB130D80281ACDFD001E7679 /* Cells */ = {
			isa = PBXGroup;
			children = (
				BB130D81281ACE2C001E7679 /* CategoryCell.swift */,
				BB130D82281ACE2C001E7679 /* CategoryCell.xib */,
			);
			path = Cells;
			sourceTree = "<group>";
		};
		BB130D8B281AEC81001E7679 /* TabBar */ = {
			isa = PBXGroup;
			children = (
				BB78C3A02819635B009D868B /* TabBarView.swift */,
				BB78C3A12819635B009D868B /* TabBarView.xib */,
			);
			path = TabBar;
			sourceTree = "<group>";
		};
		BB130D8C281AEC8C001E7679 /* Feed */ = {
			isa = PBXGroup;
			children = (
				BB617FE3281AF204000320BF /* FeedConfigurator.swift */,
				BB130D87281AEC78001E7679 /* FeedView.swift */,
				BB130D88281AEC78001E7679 /* FeedView.xib */,
				BB617FDF281AF1EA000320BF /* FeedInteractor.swift */,
				BB617FDB281AF1D7000320BF /* FeedPresenter.swift */,
				BB617FE1281AF1F6000320BF /* FeedEntity.swift */,
				BB617FDD281AF1DD000320BF /* FeedRouter.swift */,
				BB617FE5281AFE55000320BF /* Cells */,
			);
			path = Feed;
			sourceTree = "<group>";
		};
		BB617FE5281AFE55000320BF /* Cells */ = {
			isa = PBXGroup;
			children = (
				BB617FE6281AFEB1000320BF /* TableCell.swift */,
				BB617FE7281AFEB1000320BF /* TableCell.xib */,
				BBF5CCD0281E94580010C456 /* TableViewHeader.swift */,
				BBF5CCD4281EA7820010C456 /* CollectionViewHeader.swift */,
			);
			path = Cells;
			sourceTree = "<group>";
		};
		BB78C37B28195C82009D868B = {
			isa = PBXGroup;
			children = (
				BB78C39E28195D76009D868B /* README.md */,
				BB78C38628195C82009D868B /* Advisor */,
				BB78C38528195C82009D868B /* Products */,
				15B84D64FB97170D6DF3FCFC /* Pods */,
				4BF7F8CFF1B3ECCA3C553D07 /* Frameworks */,
			);
			sourceTree = "<group>";
		};
		BB78C38528195C82009D868B /* Products */ = {
			isa = PBXGroup;
			children = (
				BB78C38428195C82009D868B /* Advisor_V2.app */,
			);
			name = Products;
			sourceTree = "<group>";
		};
		BB78C38628195C82009D868B /* Advisor */ = {
			isa = PBXGroup;
			children = (
				D693E0282848E09A0083999C /* LocationService */,
				BBF5CCD6281EE5160010C456 /* Network */,
				BB78C3A428196399009D868B /* Base */,
				BB78C39F28196318009D868B /* Screen */,
				BB78C38728195C82009D868B /* AppDelegate.swift */,
				BB78C38928195C82009D868B /* SceneDelegate.swift */,
				BB78C38B28195C82009D868B /* ViewController.swift */,
				BB78C38D28195C82009D868B /* Main.storyboard */,
				D693E0262848D1FA0083999C /* travelLottie.json */,
				BB78C39328195C84009D868B /* Assets.xcassets */,
				BB78C39528195C84009D868B /* LaunchScreen.storyboard */,
				BB78C39828195C84009D868B /* Info.plist */,
				BB78C39028195C82009D868B /* Advisor.xcdatamodeld */,
			);
			path = Advisor;
			sourceTree = "<group>";
		};
		BB78C39F28196318009D868B /* Screen */ = {
			isa = PBXGroup;
			children = (
				BB78C3A728196473009D868B /* TabBar */,
				BB130D8C281AEC8C001E7679 /* Feed */,
				BBC6B9C8282037A300AC0B3C /* Detail */,
				D6329FD8284BC7A600B35AC0 /* Settings */,
			);
			path = Screen;
			sourceTree = "<group>";
		};
		BB78C3A428196399009D868B /* Base */ = {
			isa = PBXGroup;
			children = (
				BB78C3A5281963AB009D868B /* NavigationConstants.swift */,
				BB78C3C22819A2F4009D868B /* BaseConfigurator.swift */,
				BB78C3CA2819A33F009D868B /* BaseView.swift */,
				BB78C3C42819A30D009D868B /* BaseInteractor.swift */,
				BB78C3C62819A316009D868B /* BasePresenter.swift */,
				BB78C3C82819A31F009D868B /* BaseRouter.swift */,
				BB130D85281AD15E001E7679 /* ViewExtensions.swift */,
			);
			path = Base;
			sourceTree = "<group>";
		};
		BB78C3A728196473009D868B /* TabBar */ = {
			isa = PBXGroup;
			children = (
				BB78C3AA281964A0009D868B /* Favourites */,
				BB78C3A92819649B009D868B /* Map */,
				BB78C3A828196481009D868B /* Home */,
				BB130D8B281AEC81001E7679 /* TabBar */,
			);
			path = TabBar;
			sourceTree = "<group>";
		};
		BB78C3A828196481009D868B /* Home */ = {
			isa = PBXGroup;
			children = (
				BB78C3C02819A2CA009D868B /* HomeConfigurator.swift */,
				BB78C3AB28199972009D868B /* HomeView.swift */,
				BB78C3AC28199972009D868B /* HomeView.xib */,
				BB78C3B82819A287009D868B /* HomeInteractor.swift */,
				BB78C3BA2819A296009D868B /* HomePresenter.swift */,
				BB78C3BE2819A2B2009D868B /* HomeEntity.swift */,
				BB78C3BC2819A2A5009D868B /* HomeRouter.swift */,
				BB130D80281ACDFD001E7679 /* Cells */,
			);
			path = Home;
			sourceTree = "<group>";
		};
		BB78C3A92819649B009D868B /* Map */ = {
			isa = PBXGroup;
			children = (
				BB78C3AF2819999B009D868B /* MapView.swift */,
				BB78C3B02819999B009D868B /* MapView.xib */,
				BB78C3D02819B7DF009D868B /* MapInteractor.swift */,
				BB78C3D42819B7F8009D868B /* MapPresenter.swift */,
				BB78C3D62819B7FE009D868B /* MapRouter.swift */,
				BB78C3D82819B809009D868B /* MapEntity.swift */,
				BB78C3DA2819B81E009D868B /* MapConfigurator.swift */,
				D693E02B284913460083999C /* Annotation.swift */,
			);
			path = Map;
			sourceTree = "<group>";
		};
		BB78C3AA281964A0009D868B /* Favourites */ = {
			isa = PBXGroup;
			children = (
				D6B656A62858E4CE000D4DF7 /* HeaderView.swift */,
				BB78C3B328199A87009D868B /* FavouritesView.swift */,
				BB78C3B428199A87009D868B /* FavouritesView.xib */,
				BB78C3DC2819C6AA009D868B /* FavouritesInteractor.swift */,
				BB78C3DE2819C6B6009D868B /* FavouritesPresenter.swift */,
				BB78C3E02819C6C8009D868B /* FavouritesEntity.swift */,
				BB78C3E22819C6D0009D868B /* FavouritesRouter.swift */,
				BB78C3E42819C6DA009D868B /* FavouritesConfigurator.swift */,
			);
			path = Favourites;
			sourceTree = "<group>";
		};
		BBC6B9C8282037A300AC0B3C /* Detail */ = {
			isa = PBXGroup;
			children = (
				BBC6B9CD2820472200AC0B3C /* DetailConfigurator.swift */,
				BBC6B9C9282037C100AC0B3C /* DetailView.swift */,
				BBC6B9CA282037C100AC0B3C /* DetailView.xib */,
				BBC6B9CF2820476300AC0B3C /* DetailInteractor.swift */,
				BBC6B9D12820479200AC0B3C /* DetailPresenter.swift */,
				BBC6B9D3282047B100AC0B3C /* DetailRouter.swift */,
				BBC6B9D528204CB000AC0B3C /* DetailEntity.swift */,
			);
			path = Detail;
			sourceTree = "<group>";
		};
		BBF5CCD6281EE5160010C456 /* Network */ = {
			isa = PBXGroup;
			children = (
				BBF5CCDA281FDCF80010C456 /* Moya */,
				BBF5CCD7281EE5360010C456 /* TripApi.swift */,
			);
			path = Network;
			sourceTree = "<group>";
		};
		BBF5CCDA281FDCF80010C456 /* Moya */ = {
			isa = PBXGroup;
			children = (
				BBF5CCDB281FDF630010C456 /* TripApiTargetType.swift */,
			);
			path = Moya;
			sourceTree = "<group>";
		};
		D6329FD8284BC7A600B35AC0 /* Settings */ = {
			isa = PBXGroup;
			children = (
				D6329FDB284BC7DE00B35AC0 /* SettingsView.swift */,
				D6329FDC284BC7DE00B35AC0 /* SettingsView.xib */,
			);
			path = Settings;
			sourceTree = "<group>";
		};
		D693E0282848E09A0083999C /* LocationService */ = {
			isa = PBXGroup;
			children = (
				D693E0292848E0A80083999C /* LocationService.swift */,
			);
			path = LocationService;
			sourceTree = "<group>";
		};
/* End PBXGroup section */

/* Begin PBXNativeTarget section */
		BB78C38328195C82009D868B /* Advisor_V2 */ = {
			isa = PBXNativeTarget;
			buildConfigurationList = BB78C39B28195C84009D868B /* Build configuration list for PBXNativeTarget "Advisor_V2" */;
			buildPhases = (
				D035608712AA84EFD257036D /* [CP] Check Pods Manifest.lock */,
				BB78C38028195C82009D868B /* Sources */,
				BB78C38128195C82009D868B /* Frameworks */,
				BB78C38228195C82009D868B /* Resources */,
				44CBA48D24B59C944F498B06 /* [CP] Embed Pods Frameworks */,
			);
			buildRules = (
			);
			dependencies = (
			);
			name = Advisor_V2;
			productName = Advisor;
			productReference = BB78C38428195C82009D868B /* Advisor_V2.app */;
			productType = "com.apple.product-type.application";
		};
/* End PBXNativeTarget section */

/* Begin PBXProject section */
		BB78C37C28195C82009D868B /* Project object */ = {
			isa = PBXProject;
			attributes = {
				BuildIndependentTargetsInParallel = 1;
				LastSwiftUpdateCheck = 1330;
				LastUpgradeCheck = 1330;
				TargetAttributes = {
					BB78C38328195C82009D868B = {
						CreatedOnToolsVersion = 13.3.1;
					};
				};
			};
			buildConfigurationList = BB78C37F28195C82009D868B /* Build configuration list for PBXProject "Advisor_V2" */;
			compatibilityVersion = "Xcode 13.0";
			developmentRegion = en;
			hasScannedForEncodings = 0;
			knownRegions = (
				en,
				Base,
			);
			mainGroup = BB78C37B28195C82009D868B;
			productRefGroup = BB78C38528195C82009D868B /* Products */;
			projectDirPath = "";
			projectRoot = "";
			targets = (
				BB78C38328195C82009D868B /* Advisor_V2 */,
			);
		};
/* End PBXProject section */

/* Begin PBXResourcesBuildPhase section */
		BB78C38228195C82009D868B /* Resources */ = {
			isa = PBXResourcesBuildPhase;
			buildActionMask = 2147483647;
			files = (
				D693E0272848D1FA0083999C /* travelLottie.json in Resources */,
				BB78C39728195C84009D868B /* LaunchScreen.storyboard in Resources */,
				BB78C39428195C84009D868B /* Assets.xcassets in Resources */,
				BB78C3A32819635B009D868B /* TabBarView.xib in Resources */,
				D6329FDE284BC7DE00B35AC0 /* SettingsView.xib in Resources */,
				BB78C3B22819999B009D868B /* MapView.xib in Resources */,
				BB617FE9281AFEB1000320BF /* TableCell.xib in Resources */,
				BB78C38F28195C82009D868B /* Main.storyboard in Resources */,
				BB78C3B628199A87009D868B /* FavouritesView.xib in Resources */,
				BB78C3AE28199972009D868B /* HomeView.xib in Resources */,
				BB130D84281ACE2C001E7679 /* CategoryCell.xib in Resources */,
				BB130D8A281AEC78001E7679 /* FeedView.xib in Resources */,
				BBC6B9CC282037C100AC0B3C /* DetailView.xib in Resources */,
			);
			runOnlyForDeploymentPostprocessing = 0;
		};
/* End PBXResourcesBuildPhase section */

/* Begin PBXShellScriptBuildPhase section */
		44CBA48D24B59C944F498B06 /* [CP] Embed Pods Frameworks */ = {
			isa = PBXShellScriptBuildPhase;
			buildActionMask = 2147483647;
			files = (
			);
			inputFileListPaths = (
				"${PODS_ROOT}/Target Support Files/Pods-Advisor_V2/Pods-Advisor_V2-frameworks-${CONFIGURATION}-input-files.xcfilelist",
			);
			name = "[CP] Embed Pods Frameworks";
			outputFileListPaths = (
				"${PODS_ROOT}/Target Support Files/Pods-Advisor_V2/Pods-Advisor_V2-frameworks-${CONFIGURATION}-output-files.xcfilelist",
			);
			runOnlyForDeploymentPostprocessing = 0;
			shellPath = /bin/sh;
			shellScript = "\"${PODS_ROOT}/Target Support Files/Pods-Advisor_V2/Pods-Advisor_V2-frameworks.sh\"\n";
			showEnvVarsInLog = 0;
		};
		D035608712AA84EFD257036D /* [CP] Check Pods Manifest.lock */ = {
			isa = PBXShellScriptBuildPhase;
			buildActionMask = 2147483647;
			files = (
			);
			inputFileListPaths = (
			);
			inputPaths = (
				"${PODS_PODFILE_DIR_PATH}/Podfile.lock",
				"${PODS_ROOT}/Manifest.lock",
			);
			name = "[CP] Check Pods Manifest.lock";
			outputFileListPaths = (
			);
			outputPaths = (
				"$(DERIVED_FILE_DIR)/Pods-Advisor_V2-checkManifestLockResult.txt",
			);
			runOnlyForDeploymentPostprocessing = 0;
			shellPath = /bin/sh;
			shellScript = "diff \"${PODS_PODFILE_DIR_PATH}/Podfile.lock\" \"${PODS_ROOT}/Manifest.lock\" > /dev/null\nif [ $? != 0 ] ; then\n    # print error to STDERR\n    echo \"error: The sandbox is not in sync with the Podfile.lock. Run 'pod install' or update your CocoaPods installation.\" >&2\n    exit 1\nfi\n# This output is used by Xcode 'outputs' to avoid re-running this script phase.\necho \"SUCCESS\" > \"${SCRIPT_OUTPUT_FILE_0}\"\n";
			showEnvVarsInLog = 0;
		};
/* End PBXShellScriptBuildPhase section */

/* Begin PBXSourcesBuildPhase section */
		BB78C38028195C82009D868B /* Sources */ = {
			isa = PBXSourcesBuildPhase;
			buildActionMask = 2147483647;
			files = (
				BB78C3B528199A87009D868B /* FavouritesView.swift in Sources */,
				BB78C3C92819A31F009D868B /* BaseRouter.swift in Sources */,
				BB78C3E12819C6C8009D868B /* FavouritesEntity.swift in Sources */,
				BB78C3BD2819A2A5009D868B /* HomeRouter.swift in Sources */,
				BB78C3D22819B7DF009D868B /* MapInteractor.swift in Sources */,
				BB78C39228195C82009D868B /* Advisor.xcdatamodeld in Sources */,
				BB617FDE281AF1DD000320BF /* FeedRouter.swift in Sources */,
				BB78C3E32819C6D0009D868B /* FavouritesRouter.swift in Sources */,
				BB78C3B12819999B009D868B /* MapView.swift in Sources */,
				BB78C3CB2819A33F009D868B /* BaseView.swift in Sources */,
				BB78C3B92819A287009D868B /* HomeInteractor.swift in Sources */,
				BB130D86281AD15E001E7679 /* ViewExtensions.swift in Sources */,
				BB617FE2281AF1F6000320BF /* FeedEntity.swift in Sources */,
				BBC6B9D628204CB000AC0B3C /* DetailEntity.swift in Sources */,
				D693E02A2848E0A80083999C /* LocationService.swift in Sources */,
				BBC6B9CE2820472200AC0B3C /* DetailConfigurator.swift in Sources */,
				BB78C3D52819B7F8009D868B /* MapPresenter.swift in Sources */,
				BB78C3DB2819B81E009D868B /* MapConfigurator.swift in Sources */,
				BB78C3C52819A30D009D868B /* BaseInteractor.swift in Sources */,
				BBF5CCDC281FDF630010C456 /* TripApiTargetType.swift in Sources */,
				BB78C3AD28199972009D868B /* HomeView.swift in Sources */,
				BBC6B9D4282047B100AC0B3C /* DetailRouter.swift in Sources */,
				BB78C3DF2819C6B6009D868B /* FavouritesPresenter.swift in Sources */,
				BBF5CCD8281EE5360010C456 /* TripApi.swift in Sources */,
				BBC6B9D02820476300AC0B3C /* DetailInteractor.swift in Sources */,
				BB78C38C28195C82009D868B /* ViewController.swift in Sources */,
				D693E02C284913460083999C /* Annotation.swift in Sources */,
				BB78C38828195C82009D868B /* AppDelegate.swift in Sources */,
				BB617FE8281AFEB1000320BF /* TableCell.swift in Sources */,
				BBF5CCD5281EA7820010C456 /* CollectionViewHeader.swift in Sources */,
				BB617FE4281AF204000320BF /* FeedConfigurator.swift in Sources */,
				BBC6B9CB282037C100AC0B3C /* DetailView.swift in Sources */,
				BB78C3A22819635B009D868B /* TabBarView.swift in Sources */,
				BB78C38A28195C82009D868B /* SceneDelegate.swift in Sources */,
				BB78C3DD2819C6AA009D868B /* FavouritesInteractor.swift in Sources */,
				BB78C3BF2819A2B2009D868B /* HomeEntity.swift in Sources */,
				BB78C3C12819A2CA009D868B /* HomeConfigurator.swift in Sources */,
				BB78C3C72819A316009D868B /* BasePresenter.swift in Sources */,
				BB130D89281AEC78001E7679 /* FeedView.swift in Sources */,
				D6329FDD284BC7DE00B35AC0 /* SettingsView.swift in Sources */,
				BB617FDC281AF1D7000320BF /* FeedPresenter.swift in Sources */,
				BBF5CCD1281E94580010C456 /* TableViewHeader.swift in Sources */,
				BB78C3D92819B809009D868B /* MapEntity.swift in Sources */,
				BB78C3E52819C6DA009D868B /* FavouritesConfigurator.swift in Sources */,
				BBC6B9D22820479200AC0B3C /* DetailPresenter.swift in Sources */,
				BB78C3C32819A2F4009D868B /* BaseConfigurator.swift in Sources */,
				BB78C3D72819B7FE009D868B /* MapRouter.swift in Sources */,
				BB617FE0281AF1EA000320BF /* FeedInteractor.swift in Sources */,
				BB78C3A6281963AB009D868B /* NavigationConstants.swift in Sources */,
				BB78C3BB2819A296009D868B /* HomePresenter.swift in Sources */,
				BB130D83281ACE2C001E7679 /* CategoryCell.swift in Sources */,
				D6B656A82858E4CE000D4DF7 /* HeaderView.swift in Sources */,
			);
			runOnlyForDeploymentPostprocessing = 0;
		};
/* End PBXSourcesBuildPhase section */

/* Begin PBXVariantGroup section */
		BB78C38D28195C82009D868B /* Main.storyboard */ = {
			isa = PBXVariantGroup;
			children = (
				BB78C38E28195C82009D868B /* Base */,
			);
			name = Main.storyboard;
			sourceTree = "<group>";
		};
		BB78C39528195C84009D868B /* LaunchScreen.storyboard */ = {
			isa = PBXVariantGroup;
			children = (
				BB78C39628195C84009D868B /* Base */,
			);
			name = LaunchScreen.storyboard;
			sourceTree = "<group>";
		};
/* End PBXVariantGroup section */

/* Begin XCBuildConfiguration section */
		BB78C39928195C84009D868B /* Debug */ = {
			isa = XCBuildConfiguration;
			buildSettings = {
				ALWAYS_SEARCH_USER_PATHS = NO;
				CLANG_ANALYZER_NONNULL = YES;
				CLANG_ANALYZER_NUMBER_OBJECT_CONVERSION = YES_AGGRESSIVE;
				CLANG_CXX_LANGUAGE_STANDARD = "gnu++17";
				CLANG_ENABLE_MODULES = YES;
				CLANG_ENABLE_OBJC_ARC = YES;
				CLANG_ENABLE_OBJC_WEAK = YES;
				CLANG_WARN_BLOCK_CAPTURE_AUTORELEASING = YES;
				CLANG_WARN_BOOL_CONVERSION = YES;
				CLANG_WARN_COMMA = YES;
				CLANG_WARN_CONSTANT_CONVERSION = YES;
				CLANG_WARN_DEPRECATED_OBJC_IMPLEMENTATIONS = YES;
				CLANG_WARN_DIRECT_OBJC_ISA_USAGE = YES_ERROR;
				CLANG_WARN_DOCUMENTATION_COMMENTS = YES;
				CLANG_WARN_EMPTY_BODY = YES;
				CLANG_WARN_ENUM_CONVERSION = YES;
				CLANG_WARN_INFINITE_RECURSION = YES;
				CLANG_WARN_INT_CONVERSION = YES;
				CLANG_WARN_NON_LITERAL_NULL_CONVERSION = YES;
				CLANG_WARN_OBJC_IMPLICIT_RETAIN_SELF = YES;
				CLANG_WARN_OBJC_LITERAL_CONVERSION = YES;
				CLANG_WARN_OBJC_ROOT_CLASS = YES_ERROR;
				CLANG_WARN_QUOTED_INCLUDE_IN_FRAMEWORK_HEADER = YES;
				CLANG_WARN_RANGE_LOOP_ANALYSIS = YES;
				CLANG_WARN_STRICT_PROTOTYPES = YES;
				CLANG_WARN_SUSPICIOUS_MOVE = YES;
				CLANG_WARN_UNGUARDED_AVAILABILITY = YES_AGGRESSIVE;
				CLANG_WARN_UNREACHABLE_CODE = YES;
				CLANG_WARN__DUPLICATE_METHOD_MATCH = YES;
				COPY_PHASE_STRIP = NO;
				DEBUG_INFORMATION_FORMAT = dwarf;
				ENABLE_STRICT_OBJC_MSGSEND = YES;
				ENABLE_TESTABILITY = YES;
				GCC_C_LANGUAGE_STANDARD = gnu11;
				GCC_DYNAMIC_NO_PIC = NO;
				GCC_NO_COMMON_BLOCKS = YES;
				GCC_OPTIMIZATION_LEVEL = 0;
				GCC_PREPROCESSOR_DEFINITIONS = (
					"DEBUG=1",
					"$(inherited)",
				);
				GCC_WARN_64_TO_32_BIT_CONVERSION = YES;
				GCC_WARN_ABOUT_RETURN_TYPE = YES_ERROR;
				GCC_WARN_UNDECLARED_SELECTOR = YES;
				GCC_WARN_UNINITIALIZED_AUTOS = YES_AGGRESSIVE;
				GCC_WARN_UNUSED_FUNCTION = YES;
				GCC_WARN_UNUSED_VARIABLE = YES;
				IPHONEOS_DEPLOYMENT_TARGET = 15.4;
				MTL_ENABLE_DEBUG_INFO = INCLUDE_SOURCE;
				MTL_FAST_MATH = YES;
				ONLY_ACTIVE_ARCH = YES;
				SDKROOT = iphoneos;
				SWIFT_ACTIVE_COMPILATION_CONDITIONS = DEBUG;
				SWIFT_OPTIMIZATION_LEVEL = "-Onone";
			};
			name = Debug;
		};
		BB78C39A28195C84009D868B /* Release */ = {
			isa = XCBuildConfiguration;
			buildSettings = {
				ALWAYS_SEARCH_USER_PATHS = NO;
				CLANG_ANALYZER_NONNULL = YES;
				CLANG_ANALYZER_NUMBER_OBJECT_CONVERSION = YES_AGGRESSIVE;
				CLANG_CXX_LANGUAGE_STANDARD = "gnu++17";
				CLANG_ENABLE_MODULES = YES;
				CLANG_ENABLE_OBJC_ARC = YES;
				CLANG_ENABLE_OBJC_WEAK = YES;
				CLANG_WARN_BLOCK_CAPTURE_AUTORELEASING = YES;
				CLANG_WARN_BOOL_CONVERSION = YES;
				CLANG_WARN_COMMA = YES;
				CLANG_WARN_CONSTANT_CONVERSION = YES;
				CLANG_WARN_DEPRECATED_OBJC_IMPLEMENTATIONS = YES;
				CLANG_WARN_DIRECT_OBJC_ISA_USAGE = YES_ERROR;
				CLANG_WARN_DOCUMENTATION_COMMENTS = YES;
				CLANG_WARN_EMPTY_BODY = YES;
				CLANG_WARN_ENUM_CONVERSION = YES;
				CLANG_WARN_INFINITE_RECURSION = YES;
				CLANG_WARN_INT_CONVERSION = YES;
				CLANG_WARN_NON_LITERAL_NULL_CONVERSION = YES;
				CLANG_WARN_OBJC_IMPLICIT_RETAIN_SELF = YES;
				CLANG_WARN_OBJC_LITERAL_CONVERSION = YES;
				CLANG_WARN_OBJC_ROOT_CLASS = YES_ERROR;
				CLANG_WARN_QUOTED_INCLUDE_IN_FRAMEWORK_HEADER = YES;
				CLANG_WARN_RANGE_LOOP_ANALYSIS = YES;
				CLANG_WARN_STRICT_PROTOTYPES = YES;
				CLANG_WARN_SUSPICIOUS_MOVE = YES;
				CLANG_WARN_UNGUARDED_AVAILABILITY = YES_AGGRESSIVE;
				CLANG_WARN_UNREACHABLE_CODE = YES;
				CLANG_WARN__DUPLICATE_METHOD_MATCH = YES;
				COPY_PHASE_STRIP = NO;
				DEBUG_INFORMATION_FORMAT = "dwarf-with-dsym";
				ENABLE_NS_ASSERTIONS = NO;
				ENABLE_STRICT_OBJC_MSGSEND = YES;
				GCC_C_LANGUAGE_STANDARD = gnu11;
				GCC_NO_COMMON_BLOCKS = YES;
				GCC_WARN_64_TO_32_BIT_CONVERSION = YES;
				GCC_WARN_ABOUT_RETURN_TYPE = YES_ERROR;
				GCC_WARN_UNDECLARED_SELECTOR = YES;
				GCC_WARN_UNINITIALIZED_AUTOS = YES_AGGRESSIVE;
				GCC_WARN_UNUSED_FUNCTION = YES;
				GCC_WARN_UNUSED_VARIABLE = YES;
				IPHONEOS_DEPLOYMENT_TARGET = 15.4;
				MTL_ENABLE_DEBUG_INFO = NO;
				MTL_FAST_MATH = YES;
				SDKROOT = iphoneos;
				SWIFT_COMPILATION_MODE = wholemodule;
				SWIFT_OPTIMIZATION_LEVEL = "-O";
				VALIDATE_PRODUCT = YES;
			};
			name = Release;
		};
		BB78C39C28195C84009D868B /* Debug */ = {
			isa = XCBuildConfiguration;
			baseConfigurationReference = E0D75B9A3424115F84FD6D33 /* Pods-Advisor_V2.debug.xcconfig */;
			buildSettings = {
				ASSETCATALOG_COMPILER_APPICON_NAME = AppIcon;
				ASSETCATALOG_COMPILER_GLOBAL_ACCENT_COLOR_NAME = AccentColor;
				CODE_SIGN_IDENTITY = "Apple Development";
				CODE_SIGN_STYLE = Automatic;
				CURRENT_PROJECT_VERSION = 1;
				DEVELOPMENT_TEAM = 9U2BQ8RU3L;
				GENERATE_INFOPLIST_FILE = YES;
				INFOPLIST_FILE = Advisor/Info.plist;
				INFOPLIST_KEY_NSLocationWhenInUseUsageDescription = "Need for checking your location.";
				INFOPLIST_KEY_UIApplicationSupportsIndirectInputEvents = YES;
				INFOPLIST_KEY_UILaunchStoryboardName = LaunchScreen;
				INFOPLIST_KEY_UIMainStoryboardFile = Main;
				INFOPLIST_KEY_UISupportedInterfaceOrientations_iPad = "UIInterfaceOrientationPortrait UIInterfaceOrientationPortraitUpsideDown UIInterfaceOrientationLandscapeLeft UIInterfaceOrientationLandscapeRight";
				INFOPLIST_KEY_UISupportedInterfaceOrientations_iPhone = "UIInterfaceOrientationPortrait UIInterfaceOrientationLandscapeLeft UIInterfaceOrientationLandscapeRight";
				INFOPLIST_KEY_UIUserInterfaceStyle = Light;
				IPHONEOS_DEPLOYMENT_TARGET = 15.0;
				LD_RUNPATH_SEARCH_PATHS = (
					"$(inherited)",
					"@executable_path/Frameworks",
				);
				MARKETING_VERSION = 1.0;
				PRODUCT_BUNDLE_IDENTIFIER = ilgamfa.AdvisorV2;
				PRODUCT_NAME = "$(TARGET_NAME)";
				PROVISIONING_PROFILE_SPECIFIER = "";
				SWIFT_EMIT_LOC_STRINGS = YES;
				SWIFT_VERSION = 5.0;
				TARGETED_DEVICE_FAMILY = "1,2";
			};
			name = Debug;
		};
		BB78C39D28195C84009D868B /* Release */ = {
			isa = XCBuildConfiguration;
			baseConfigurationReference = FB5F769E7B7435C804D2B68C /* Pods-Advisor_V2.release.xcconfig */;
			buildSettings = {
				ASSETCATALOG_COMPILER_APPICON_NAME = AppIcon;
				ASSETCATALOG_COMPILER_GLOBAL_ACCENT_COLOR_NAME = AccentColor;
				CODE_SIGN_IDENTITY = "Apple Development";
				CODE_SIGN_STYLE = Automatic;
				CURRENT_PROJECT_VERSION = 1;
				DEVELOPMENT_TEAM = 9U2BQ8RU3L;
				GENERATE_INFOPLIST_FILE = YES;
				INFOPLIST_FILE = Advisor/Info.plist;
				INFOPLIST_KEY_NSLocationWhenInUseUsageDescription = "Need for checking your location.";
				INFOPLIST_KEY_UIApplicationSupportsIndirectInputEvents = YES;
				INFOPLIST_KEY_UILaunchStoryboardName = LaunchScreen;
				INFOPLIST_KEY_UIMainStoryboardFile = Main;
				INFOPLIST_KEY_UISupportedInterfaceOrientations_iPad = "UIInterfaceOrientationPortrait UIInterfaceOrientationPortraitUpsideDown UIInterfaceOrientationLandscapeLeft UIInterfaceOrientationLandscapeRight";
				INFOPLIST_KEY_UISupportedInterfaceOrientations_iPhone = "UIInterfaceOrientationPortrait UIInterfaceOrientationLandscapeLeft UIInterfaceOrientationLandscapeRight";
				INFOPLIST_KEY_UIUserInterfaceStyle = Light;
				IPHONEOS_DEPLOYMENT_TARGET = 15.0;
				LD_RUNPATH_SEARCH_PATHS = (
					"$(inherited)",
					"@executable_path/Frameworks",
				);
				MARKETING_VERSION = 1.0;
				PRODUCT_BUNDLE_IDENTIFIER = ilgamfa.AdvisorV2;
				PRODUCT_NAME = "$(TARGET_NAME)";
				PROVISIONING_PROFILE_SPECIFIER = "";
				SWIFT_EMIT_LOC_STRINGS = YES;
				SWIFT_VERSION = 5.0;
				TARGETED_DEVICE_FAMILY = "1,2";
			};
			name = Release;
		};
/* End XCBuildConfiguration section */

/* Begin XCConfigurationList section */
		BB78C37F28195C82009D868B /* Build configuration list for PBXProject "Advisor_V2" */ = {
			isa = XCConfigurationList;
			buildConfigurations = (
				BB78C39928195C84009D868B /* Debug */,
				BB78C39A28195C84009D868B /* Release */,
			);
			defaultConfigurationIsVisible = 0;
			defaultConfigurationName = Release;
		};
		BB78C39B28195C84009D868B /* Build configuration list for PBXNativeTarget "Advisor_V2" */ = {
			isa = XCConfigurationList;
			buildConfigurations = (
				BB78C39C28195C84009D868B /* Debug */,
				BB78C39D28195C84009D868B /* Release */,
			);
			defaultConfigurationIsVisible = 0;
			defaultConfigurationName = Release;
		};
/* End XCConfigurationList section */

/* Begin XCVersionGroup section */
		BB78C39028195C82009D868B /* Advisor.xcdatamodeld */ = {
			isa = XCVersionGroup;
			children = (
				BB78C39128195C82009D868B /* Advisor.xcdatamodel */,
			);
			currentVersion = BB78C39128195C82009D868B /* Advisor.xcdatamodel */;
			path = Advisor.xcdatamodeld;
			sourceTree = "<group>";
			versionGroupType = wrapper.xcdatamodel;
		};
/* End XCVersionGroup section */
	};
	rootObject = BB78C37C28195C82009D868B /* Project object */;
}
