// !$*UTF8*$!
{
	archiveVersion = 1;
	classes = {
	};
	objectVersion = 55;
	objects = {

/* Begin PBXBuildFile section */
		B7F60C9C2705AEE500F56730 /* ObjectOnMap.swift in Sources */ = {isa = PBXBuildFile; fileRef = B7F60C9B2705AEE500F56730 /* ObjectOnMap.swift */; };
		B7F60C9E2705CEC300F56730 /* NetworkManager.swift in Sources */ = {isa = PBXBuildFile; fileRef = B7F60C9D2705CEC300F56730 /* NetworkManager.swift */; };
		BB653EC62703170700F14915 /* AppDelegate.swift in Sources */ = {isa = PBXBuildFile; fileRef = BB653EC52703170700F14915 /* AppDelegate.swift */; };
		BB653EC82703170700F14915 /* SceneDelegate.swift in Sources */ = {isa = PBXBuildFile; fileRef = BB653EC72703170700F14915 /* SceneDelegate.swift */; };
		BB653ECD2703170700F14915 /* Main.storyboard in Resources */ = {isa = PBXBuildFile; fileRef = BB653ECB2703170700F14915 /* Main.storyboard */; };
		BB653ECF2703170900F14915 /* Assets.xcassets in Resources */ = {isa = PBXBuildFile; fileRef = BB653ECE2703170900F14915 /* Assets.xcassets */; };
		BB653ED22703170900F14915 /* LaunchScreen.storyboard in Resources */ = {isa = PBXBuildFile; fileRef = BB653ED02703170900F14915 /* LaunchScreen.storyboard */; };
		BB653EDA2703195F00F14915 /* TabBarController.swift in Sources */ = {isa = PBXBuildFile; fileRef = BB653ED92703195F00F14915 /* TabBarController.swift */; };
		BB653EDC27031C7A00F14915 /* HomeViewController.swift in Sources */ = {isa = PBXBuildFile; fileRef = BB653EDB27031C7A00F14915 /* HomeViewController.swift */; };
		BB653EDE27031C8C00F14915 /* SavedViewController.swift in Sources */ = {isa = PBXBuildFile; fileRef = BB653EDD27031C8C00F14915 /* SavedViewController.swift */; };
		BB653EE027031C9900F14915 /* MapViewController.swift in Sources */ = {isa = PBXBuildFile; fileRef = BB653EDF27031C9900F14915 /* MapViewController.swift */; };
		BB7D2F402703950A00DB6383 /* CoreLocationUI.framework in Frameworks */ = {isa = PBXBuildFile; fileRef = BB7D2F3F2703950A00DB6383 /* CoreLocationUI.framework */; };
/* End PBXBuildFile section */

/* Begin PBXFileReference section */
		B7F60C9B2705AEE500F56730 /* ObjectOnMap.swift */ = {isa = PBXFileReference; lastKnownFileType = sourcecode.swift; path = ObjectOnMap.swift; sourceTree = "<group>"; };
		B7F60C9D2705CEC300F56730 /* NetworkManager.swift */ = {isa = PBXFileReference; lastKnownFileType = sourcecode.swift; path = NetworkManager.swift; sourceTree = "<group>"; };
		BB653EC22703170700F14915 /* Advisor.app */ = {isa = PBXFileReference; explicitFileType = wrapper.application; includeInIndex = 0; path = Advisor.app; sourceTree = BUILT_PRODUCTS_DIR; };
		BB653EC52703170700F14915 /* AppDelegate.swift */ = {isa = PBXFileReference; lastKnownFileType = sourcecode.swift; path = AppDelegate.swift; sourceTree = "<group>"; };
		BB653EC72703170700F14915 /* SceneDelegate.swift */ = {isa = PBXFileReference; lastKnownFileType = sourcecode.swift; path = SceneDelegate.swift; sourceTree = "<group>"; };
		BB653ECC2703170700F14915 /* Base */ = {isa = PBXFileReference; lastKnownFileType = file.storyboard; name = Base; path = Base.lproj/Main.storyboard; sourceTree = "<group>"; };
		BB653ECE2703170900F14915 /* Assets.xcassets */ = {isa = PBXFileReference; lastKnownFileType = folder.assetcatalog; path = Assets.xcassets; sourceTree = "<group>"; };
		BB653ED12703170900F14915 /* Base */ = {isa = PBXFileReference; lastKnownFileType = file.storyboard; name = Base; path = Base.lproj/LaunchScreen.storyboard; sourceTree = "<group>"; };
		BB653ED32703170900F14915 /* Info.plist */ = {isa = PBXFileReference; lastKnownFileType = text.plist.xml; path = Info.plist; sourceTree = "<group>"; };
		BB653ED92703195F00F14915 /* TabBarController.swift */ = {isa = PBXFileReference; lastKnownFileType = sourcecode.swift; path = TabBarController.swift; sourceTree = "<group>"; };
		BB653EDB27031C7A00F14915 /* HomeViewController.swift */ = {isa = PBXFileReference; lastKnownFileType = sourcecode.swift; path = HomeViewController.swift; sourceTree = "<group>"; };
		BB653EDD27031C8C00F14915 /* SavedViewController.swift */ = {isa = PBXFileReference; lastKnownFileType = sourcecode.swift; path = SavedViewController.swift; sourceTree = "<group>"; };
		BB653EDF27031C9900F14915 /* MapViewController.swift */ = {isa = PBXFileReference; lastKnownFileType = sourcecode.swift; path = MapViewController.swift; sourceTree = "<group>"; };
		BB7D2F392703919F00DB6383 /* MapKit.framework */ = {isa = PBXFileReference; lastKnownFileType = wrapper.framework; name = MapKit.framework; path = System/Library/Frameworks/MapKit.framework; sourceTree = SDKROOT; };
		BB7D2F3F2703950A00DB6383 /* CoreLocationUI.framework */ = {isa = PBXFileReference; lastKnownFileType = wrapper.framework; name = CoreLocationUI.framework; path = System/Library/Frameworks/CoreLocationUI.framework; sourceTree = SDKROOT; };
/* End PBXFileReference section */

/* Begin PBXFrameworksBuildPhase section */
		BB653EBF2703170700F14915 /* Frameworks */ = {
			isa = PBXFrameworksBuildPhase;
			buildActionMask = 2147483647;
			files = (
				BB7D2F402703950A00DB6383 /* CoreLocationUI.framework in Frameworks */,
			);
			runOnlyForDeploymentPostprocessing = 0;
		};
/* End PBXFrameworksBuildPhase section */

/* Begin PBXGroup section */
		B7F60C9827059B1E00F56730 /* Controllers */ = {
			isa = PBXGroup;
			children = (
				BB653ED92703195F00F14915 /* TabBarController.swift */,
				BB653EDB27031C7A00F14915 /* HomeViewController.swift */,
				BB653EDD27031C8C00F14915 /* SavedViewController.swift */,
				BB653EDF27031C9900F14915 /* MapViewController.swift */,
			);
			path = Controllers;
			sourceTree = "<group>";
		};
		B7F60C9927059B3500F56730 /* View */ = {
			isa = PBXGroup;
			children = (
				BB653ED02703170900F14915 /* LaunchScreen.storyboard */,
				BB653ECB2703170700F14915 /* Main.storyboard */,
			);
			path = View;
			sourceTree = "<group>";
		};
		B7F60C9A2705AECA00F56730 /* Model */ = {
			isa = PBXGroup;
			children = (
				B7F60C9B2705AEE500F56730 /* ObjectOnMap.swift */,
				B7F60C9D2705CEC300F56730 /* NetworkManager.swift */,
			);
			path = Model;
			sourceTree = "<group>";
		};
		BB653EB92703170700F14915 = {
			isa = PBXGroup;
			children = (
				BB653EC42703170700F14915 /* Advisor */,
				BB653EC32703170700F14915 /* Products */,
				BB7D2F382703919F00DB6383 /* Frameworks */,
			);
			sourceTree = "<group>";
		};
		BB653EC32703170700F14915 /* Products */ = {
			isa = PBXGroup;
			children = (
				BB653EC22703170700F14915 /* Advisor.app */,
			);
			name = Products;
			sourceTree = "<group>";
		};
		BB653EC42703170700F14915 /* Advisor */ = {
			isa = PBXGroup;
			children = (
				B7F60C9A2705AECA00F56730 /* Model */,
				B7F60C9927059B3500F56730 /* View */,
				B7F60C9827059B1E00F56730 /* Controllers */,
				BB653EC72703170700F14915 /* SceneDelegate.swift */,
				BB653EC52703170700F14915 /* AppDelegate.swift */,
				BB653ECE2703170900F14915 /* Assets.xcassets */,
				BB653ED32703170900F14915 /* Info.plist */,
			);
			path = Advisor;
			sourceTree = "<group>";
		};
		BB7D2F382703919F00DB6383 /* Frameworks */ = {
			isa = PBXGroup;
			children = (
				BB7D2F3F2703950A00DB6383 /* CoreLocationUI.framework */,
				BB7D2F392703919F00DB6383 /* MapKit.framework */,
			);
			name = Frameworks;
			sourceTree = "<group>";
		};
/* End PBXGroup section */

/* Begin PBXNativeTarget section */
		BB653EC12703170700F14915 /* Advisor */ = {
			isa = PBXNativeTarget;
			buildConfigurationList = BB653ED62703170900F14915 /* Build configuration list for PBXNativeTarget "Advisor" */;
			buildPhases = (
				BB653EBE2703170700F14915 /* Sources */,
				BB653EBF2703170700F14915 /* Frameworks */,
				BB653EC02703170700F14915 /* Resources */,
			);
			buildRules = (
			);
			dependencies = (
			);
			name = Advisor;
			productName = Advisor;
			productReference = BB653EC22703170700F14915 /* Advisor.app */;
			productType = "com.apple.product-type.application";
		};
/* End PBXNativeTarget section */

/* Begin PBXProject section */
		BB653EBA2703170700F14915 /* Project object */ = {
			isa = PBXProject;
			attributes = {
				BuildIndependentTargetsInParallel = 1;
				LastSwiftUpdateCheck = 1300;
				LastUpgradeCheck = 1300;
				TargetAttributes = {
					BB653EC12703170700F14915 = {
						CreatedOnToolsVersion = 13.0;
					};
				};
			};
			buildConfigurationList = BB653EBD2703170700F14915 /* Build configuration list for PBXProject "Advisor" */;
			compatibilityVersion = "Xcode 13.0";
			developmentRegion = en;
			hasScannedForEncodings = 0;
			knownRegions = (
				en,
				Base,
			);
			mainGroup = BB653EB92703170700F14915;
			productRefGroup = BB653EC32703170700F14915 /* Products */;
			projectDirPath = "";
			projectRoot = "";
			targets = (
				BB653EC12703170700F14915 /* Advisor */,
			);
		};
/* End PBXProject section */

/* Begin PBXResourcesBuildPhase section */
		BB653EC02703170700F14915 /* Resources */ = {
			isa = PBXResourcesBuildPhase;
			buildActionMask = 2147483647;
			files = (
				BB653ED22703170900F14915 /* LaunchScreen.storyboard in Resources */,
				BB653ECF2703170900F14915 /* Assets.xcassets in Resources */,
				BB653ECD2703170700F14915 /* Main.storyboard in Resources */,
			);
			runOnlyForDeploymentPostprocessing = 0;
		};
/* End PBXResourcesBuildPhase section */

/* Begin PBXSourcesBuildPhase section */
		BB653EBE2703170700F14915 /* Sources */ = {
			isa = PBXSourcesBuildPhase;
			buildActionMask = 2147483647;
			files = (
				BB653EDA2703195F00F14915 /* TabBarController.swift in Sources */,
				B7F60C9E2705CEC300F56730 /* NetworkManager.swift in Sources */,
				BB653EE027031C9900F14915 /* MapViewController.swift in Sources */,
				BB653EC62703170700F14915 /* AppDelegate.swift in Sources */,
				BB653EC82703170700F14915 /* SceneDelegate.swift in Sources */,
				BB653EDE27031C8C00F14915 /* SavedViewController.swift in Sources */,
				BB653EDC27031C7A00F14915 /* HomeViewController.swift in Sources */,
				B7F60C9C2705AEE500F56730 /* ObjectOnMap.swift in Sources */,
			);
			runOnlyForDeploymentPostprocessing = 0;
		};
/* End PBXSourcesBuildPhase section */

/* Begin PBXVariantGroup section */
		BB653ECB2703170700F14915 /* Main.storyboard */ = {
			isa = PBXVariantGroup;
			children = (
				BB653ECC2703170700F14915 /* Base */,
			);
			name = Main.storyboard;
			sourceTree = "<group>";
		};
		BB653ED02703170900F14915 /* LaunchScreen.storyboard */ = {
			isa = PBXVariantGroup;
			children = (
				BB653ED12703170900F14915 /* Base */,
			);
			name = LaunchScreen.storyboard;
			sourceTree = "<group>";
		};
/* End PBXVariantGroup section */

/* Begin XCBuildConfiguration section */
		BB653ED42703170900F14915 /* Debug */ = {
			isa = XCBuildConfiguration;
			buildSettings = {
				ALWAYS_SEARCH_USER_PATHS = NO;
				CLANG_ANALYZER_NONNULL = YES;
				CLANG_ANALYZER_NUMBER_OBJECT_CONVERSION = YES_AGGRESSIVE;
				CLANG_CXX_LANGUAGE_STANDARD = "gnu++17";
				CLANG_CXX_LIBRARY = "libc++";
				CLANG_ENABLE_MODULES = YES;
				CLANG_ENABLE_OBJC_ARC = YES;
				CLANG_ENABLE_OBJC_WEAK = YES;
				CLANG_WARN_BLOCK_CAPTURE_AUTORELEASING = YES;
				CLANG_WARN_BOOL_CONVERSION = YES;
				CLANG_WARN_COMMA = YES;
				CLANG_WARN_CONSTANT_CONVERSION = YES;
				CLANG_WARN_DEPRECATED_OBJC_IMPLEMENTATIONS = YES;
				CLANG_WARN_DIRECT_OBJC_ISA_USAGE = YES_ERROR;
				CLANG_WARN_DOCUMENTATION_COMMENTS = YES;
				CLANG_WARN_EMPTY_BODY = YES;
				CLANG_WARN_ENUM_CONVERSION = YES;
				CLANG_WARN_INFINITE_RECURSION = YES;
				CLANG_WARN_INT_CONVERSION = YES;
				CLANG_WARN_NON_LITERAL_NULL_CONVERSION = YES;
				CLANG_WARN_OBJC_IMPLICIT_RETAIN_SELF = YES;
				CLANG_WARN_OBJC_LITERAL_CONVERSION = YES;
				CLANG_WARN_OBJC_ROOT_CLASS = YES_ERROR;
				CLANG_WARN_QUOTED_INCLUDE_IN_FRAMEWORK_HEADER = YES;
				CLANG_WARN_RANGE_LOOP_ANALYSIS = YES;
				CLANG_WARN_STRICT_PROTOTYPES = YES;
				CLANG_WARN_SUSPICIOUS_MOVE = YES;
				CLANG_WARN_UNGUARDED_AVAILABILITY = YES_AGGRESSIVE;
				CLANG_WARN_UNREACHABLE_CODE = YES;
				CLANG_WARN__DUPLICATE_METHOD_MATCH = YES;
				COPY_PHASE_STRIP = NO;
				DEBUG_INFORMATION_FORMAT = dwarf;
				ENABLE_STRICT_OBJC_MSGSEND = YES;
				ENABLE_TESTABILITY = YES;
				GCC_C_LANGUAGE_STANDARD = gnu11;
				GCC_DYNAMIC_NO_PIC = NO;
				GCC_NO_COMMON_BLOCKS = YES;
				GCC_OPTIMIZATION_LEVEL = 0;
				GCC_PREPROCESSOR_DEFINITIONS = (
					"DEBUG=1",
					"$(inherited)",
				);
				GCC_WARN_64_TO_32_BIT_CONVERSION = YES;
				GCC_WARN_ABOUT_RETURN_TYPE = YES_ERROR;
				GCC_WARN_UNDECLARED_SELECTOR = YES;
				GCC_WARN_UNINITIALIZED_AUTOS = YES_AGGRESSIVE;
				GCC_WARN_UNUSED_FUNCTION = YES;
				GCC_WARN_UNUSED_VARIABLE = YES;
				IPHONEOS_DEPLOYMENT_TARGET = 15;
				MTL_ENABLE_DEBUG_INFO = INCLUDE_SOURCE;
				MTL_FAST_MATH = YES;
				ONLY_ACTIVE_ARCH = YES;
				SDKROOT = iphoneos;
				SWIFT_ACTIVE_COMPILATION_CONDITIONS = DEBUG;
				SWIFT_OPTIMIZATION_LEVEL = "-Onone";
			};
			name = Debug;
		};
		BB653ED52703170900F14915 /* Release */ = {
			isa = XCBuildConfiguration;
			buildSettings = {
				ALWAYS_SEARCH_USER_PATHS = NO;
				CLANG_ANALYZER_NONNULL = YES;
				CLANG_ANALYZER_NUMBER_OBJECT_CONVERSION = YES_AGGRESSIVE;
				CLANG_CXX_LANGUAGE_STANDARD = "gnu++17";
				CLANG_CXX_LIBRARY = "libc++";
				CLANG_ENABLE_MODULES = YES;
				CLANG_ENABLE_OBJC_ARC = YES;
				CLANG_ENABLE_OBJC_WEAK = YES;
				CLANG_WARN_BLOCK_CAPTURE_AUTORELEASING = YES;
				CLANG_WARN_BOOL_CONVERSION = YES;
				CLANG_WARN_COMMA = YES;
				CLANG_WARN_CONSTANT_CONVERSION = YES;
				CLANG_WARN_DEPRECATED_OBJC_IMPLEMENTATIONS = YES;
				CLANG_WARN_DIRECT_OBJC_ISA_USAGE = YES_ERROR;
				CLANG_WARN_DOCUMENTATION_COMMENTS = YES;
				CLANG_WARN_EMPTY_BODY = YES;
				CLANG_WARN_ENUM_CONVERSION = YES;
				CLANG_WARN_INFINITE_RECURSION = YES;
				CLANG_WARN_INT_CONVERSION = YES;
				CLANG_WARN_NON_LITERAL_NULL_CONVERSION = YES;
				CLANG_WARN_OBJC_IMPLICIT_RETAIN_SELF = YES;
				CLANG_WARN_OBJC_LITERAL_CONVERSION = YES;
				CLANG_WARN_OBJC_ROOT_CLASS = YES_ERROR;
				CLANG_WARN_QUOTED_INCLUDE_IN_FRAMEWORK_HEADER = YES;
				CLANG_WARN_RANGE_LOOP_ANALYSIS = YES;
				CLANG_WARN_STRICT_PROTOTYPES = YES;
				CLANG_WARN_SUSPICIOUS_MOVE = YES;
				CLANG_WARN_UNGUARDED_AVAILABILITY = YES_AGGRESSIVE;
				CLANG_WARN_UNREACHABLE_CODE = YES;
				CLANG_WARN__DUPLICATE_METHOD_MATCH = YES;
				COPY_PHASE_STRIP = NO;
				DEBUG_INFORMATION_FORMAT = "dwarf-with-dsym";
				ENABLE_NS_ASSERTIONS = NO;
				ENABLE_STRICT_OBJC_MSGSEND = YES;
				GCC_C_LANGUAGE_STANDARD = gnu11;
				GCC_NO_COMMON_BLOCKS = YES;
				GCC_WARN_64_TO_32_BIT_CONVERSION = YES;
				GCC_WARN_ABOUT_RETURN_TYPE = YES_ERROR;
				GCC_WARN_UNDECLARED_SELECTOR = YES;
				GCC_WARN_UNINITIALIZED_AUTOS = YES_AGGRESSIVE;
				GCC_WARN_UNUSED_FUNCTION = YES;
				GCC_WARN_UNUSED_VARIABLE = YES;
				IPHONEOS_DEPLOYMENT_TARGET = 15;
				MTL_ENABLE_DEBUG_INFO = NO;
				MTL_FAST_MATH = YES;
				SDKROOT = iphoneos;
				SWIFT_COMPILATION_MODE = wholemodule;
				SWIFT_OPTIMIZATION_LEVEL = "-O";
				VALIDATE_PRODUCT = YES;
			};
			name = Release;
		};
		BB653ED72703170900F14915 /* Debug */ = {
			isa = XCBuildConfiguration;
			buildSettings = {
				ASSETCATALOG_COMPILER_APPICON_NAME = AppIcon;
				ASSETCATALOG_COMPILER_GLOBAL_ACCENT_COLOR_NAME = AccentColor;
				CODE_SIGN_IDENTITY = "Apple Development";
				CODE_SIGN_STYLE = Automatic;
				CURRENT_PROJECT_VERSION = 1;
				DEVELOPMENT_TEAM = F52N69662H;
				GENERATE_INFOPLIST_FILE = YES;
				INFOPLIST_FILE = Advisor/Info.plist;
				INFOPLIST_KEY_NSLocationWhenInUseUsageDescription = "Please allow to see current location";
				INFOPLIST_KEY_UIApplicationSupportsIndirectInputEvents = YES;
				INFOPLIST_KEY_UILaunchStoryboardName = LaunchScreen;
				INFOPLIST_KEY_UIMainStoryboardFile = Main;
				INFOPLIST_KEY_UISupportedInterfaceOrientations_iPad = "UIInterfaceOrientationPortrait UIInterfaceOrientationPortraitUpsideDown UIInterfaceOrientationLandscapeLeft UIInterfaceOrientationLandscapeRight";
				INFOPLIST_KEY_UISupportedInterfaceOrientations_iPhone = "UIInterfaceOrientationPortrait UIInterfaceOrientationLandscapeLeft UIInterfaceOrientationLandscapeRight";
				IPHONEOS_DEPLOYMENT_TARGET = 15.0;
				LD_RUNPATH_SEARCH_PATHS = (
					"$(inherited)",
					"@executable_path/Frameworks",
				);
				MARKETING_VERSION = 1.0;
				PRODUCT_BUNDLE_IDENTIFIER = ilgamfa.Advisor;
				PRODUCT_NAME = "$(TARGET_NAME)";
				PROVISIONING_PROFILE_SPECIFIER = "";
				SWIFT_EMIT_LOC_STRINGS = YES;
				SWIFT_VERSION = 5.0;
				TARGETED_DEVICE_FAMILY = "1,2";
			};
			name = Debug;
		};
		BB653ED82703170900F14915 /* Release */ = {
			isa = XCBuildConfiguration;
			buildSettings = {
				ASSETCATALOG_COMPILER_APPICON_NAME = AppIcon;
				ASSETCATALOG_COMPILER_GLOBAL_ACCENT_COLOR_NAME = AccentColor;
				CODE_SIGN_IDENTITY = "Apple Development";
				CODE_SIGN_STYLE = Automatic;
				CURRENT_PROJECT_VERSION = 1;
				DEVELOPMENT_TEAM = F52N69662H;
				GENERATE_INFOPLIST_FILE = YES;
				INFOPLIST_FILE = Advisor/Info.plist;
				INFOPLIST_KEY_NSLocationWhenInUseUsageDescription = "Please allow to see current location";
				INFOPLIST_KEY_UIApplicationSupportsIndirectInputEvents = YES;
				INFOPLIST_KEY_UILaunchStoryboardName = LaunchScreen;
				INFOPLIST_KEY_UIMainStoryboardFile = Main;
				INFOPLIST_KEY_UISupportedInterfaceOrientations_iPad = "UIInterfaceOrientationPortrait UIInterfaceOrientationPortraitUpsideDown UIInterfaceOrientationLandscapeLeft UIInterfaceOrientationLandscapeRight";
				INFOPLIST_KEY_UISupportedInterfaceOrientations_iPhone = "UIInterfaceOrientationPortrait UIInterfaceOrientationLandscapeLeft UIInterfaceOrientationLandscapeRight";
				IPHONEOS_DEPLOYMENT_TARGET = 15.0;
				LD_RUNPATH_SEARCH_PATHS = (
					"$(inherited)",
					"@executable_path/Frameworks",
				);
				MARKETING_VERSION = 1.0;
				PRODUCT_BUNDLE_IDENTIFIER = ilgamfa.Advisor;
				PRODUCT_NAME = "$(TARGET_NAME)";
				PROVISIONING_PROFILE_SPECIFIER = "";
				SWIFT_EMIT_LOC_STRINGS = YES;
				SWIFT_VERSION = 5.0;
				TARGETED_DEVICE_FAMILY = "1,2";
			};
			name = Release;
		};
/* End XCBuildConfiguration section */

/* Begin XCConfigurationList section */
		BB653EBD2703170700F14915 /* Build configuration list for PBXProject "Advisor" */ = {
			isa = XCConfigurationList;
			buildConfigurations = (
				BB653ED42703170900F14915 /* Debug */,
				BB653ED52703170900F14915 /* Release */,
			);
			defaultConfigurationIsVisible = 0;
			defaultConfigurationName = Release;
		};
		BB653ED62703170900F14915 /* Build configuration list for PBXNativeTarget "Advisor" */ = {
			isa = XCConfigurationList;
			buildConfigurations = (
				BB653ED72703170900F14915 /* Debug */,
				BB653ED82703170900F14915 /* Release */,
			);
			defaultConfigurationIsVisible = 0;
			defaultConfigurationName = Release;
		};
/* End XCConfigurationList section */
	};
	rootObject = BB653EBA2703170700F14915 /* Project object */;
}
